
Microsoft Visual Studio Solution File, Format Version 12.00
# Visual Studio Version 17
VisualStudioVersion = 17.13.35828.75 d17.13
MinimumVisualStudioVersion = 10.0.40219.1
Project("{F184B08F-C81C-45F6-A57F-5ABD9991F28F}") = "liralyn", "liralyn.vbproj", "{D40B27DA-EC4D-4A8C-AE15-1CBD892E7BA4}"
EndProject
Global
	GlobalSection(SolutionConfigurationPlatforms) = preSolution
		Debug|Any CPU = Debug|Any CPU
		Release|Any CPU = Release|Any CPU
	EndGlobalSection
	GlobalSection(ProjectConfigurationPlatforms) = postSolution
		{D40B27DA-EC4D-4A8C-AE15-1CBD892E7BA4}.Debug|Any CPU.ActiveCfg = Debug|Any CPU
		{D40B27DA-EC4D-4A8C-AE15-1CBD892E7BA4}.Debug|Any CPU.Build.0 = Debug|Any CPU
		{D40B27DA-EC4D-4A8C-AE15-1CBD892E7BA4}.Release|Any CPU.ActiveCfg = Release|Any CPU
		{D40B27DA-EC4D-4A8C-AE15-1CBD892E7BA4}.Release|Any CPU.Build.0 = Release|Any CPU
	EndGlobalSection
	GlobalSection(SolutionProperties) = preSolution
		HideSolutionNode = FALSE
	EndGlobalSection
	GlobalSection(ExtensibilityGlobals) = postSolution
		SolutionGuid = {7226D364-550A-4448-8579-5B70F83534EA}
	EndGlobalSection
EndGlobal
